
Microsoft Visual Studio Solution File, Format Version 12.00
# Visual Studio Version 17
VisualStudioVersion = 17.11.35219.272
MinimumVisualStudioVersion = 10.0.40219.1
Project("{9A19103F-16F7-4668-BE54-9A1E7A4F7556}") = "SiCalc", "SiCalc.csproj", "{876E6FF9-05F6-4B34-AA89-E6B142053DD1}"
EndProject
Global
	GlobalSection(SolutionConfigurationPlatforms) = preSolution
		Debug|Any CPU = Debug|Any CPU
		Release|Any CPU = Release|Any CPU
	EndGlobalSection
	GlobalSection(ProjectConfigurationPlatforms) = postSolution
		{876E6FF9-05F6-4B34-AA89-E6B142053DD1}.Debug|Any CPU.ActiveCfg = Debug|Any CPU
		{876E6FF9-05F6-4B34-AA89-E6B142053DD1}.Debug|Any CPU.Build.0 = Debug|Any CPU
		{876E6FF9-05F6-4B34-AA89-E6B142053DD1}.Debug|Any CPU.Deploy.0 = Debug|Any CPU
		{876E6FF9-05F6-4B34-AA89-E6B142053DD1}.Release|Any CPU.ActiveCfg = Release|Any CPU
		{876E6FF9-05F6-4B34-AA89-E6B142053DD1}.Release|Any CPU.Build.0 = Release|Any CPU
		{876E6FF9-05F6-4B34-AA89-E6B142053DD1}.Release|Any CPU.Deploy.0 = Release|Any CPU
	EndGlobalSection
	GlobalSection(SolutionProperties) = preSolution
		HideSolutionNode = FALSE
	EndGlobalSection
	GlobalSection(ExtensibilityGlobals) = postSolution
		SolutionGuid = {0F0345C7-E5BF-46E0-9EA5-1C9D194C7F77}
	EndGlobalSection
EndGlobal
